// !$*UTF8*$!
{
	archiveVersion = 1;
	classes = {
	};
	objectVersion = 50;
	objects = {

/* Begin PBXBuildFile section */
		6AC89C8624D3383A0032513C /* AppDelegate.swift in Sources */ = {isa = PBXBuildFile; fileRef = 6AC89C8524D3383A0032513C /* AppDelegate.swift */; };
		6AC89C8824D3383A0032513C /* SceneDelegate.swift in Sources */ = {isa = PBXBuildFile; fileRef = 6AC89C8724D3383A0032513C /* SceneDelegate.swift */; };
		6AC89C8A24D3383A0032513C /* ViewController.swift in Sources */ = {isa = PBXBuildFile; fileRef = 6AC89C8924D3383A0032513C /* ViewController.swift */; };
		6AC89C8D24D3383A0032513C /* Main.storyboard in Resources */ = {isa = PBXBuildFile; fileRef = 6AC89C8B24D3383A0032513C /* Main.storyboard */; };
		6AC89C8F24D3383B0032513C /* Assets.xcassets in Resources */ = {isa = PBXBuildFile; fileRef = 6AC89C8E24D3383B0032513C /* Assets.xcassets */; };
		6AC89C9224D3383B0032513C /* LaunchScreen.storyboard in Resources */ = {isa = PBXBuildFile; fileRef = 6AC89C9024D3383B0032513C /* LaunchScreen.storyboard */; };
		6AC89C9D24D3383B0032513C /* passwordTests.swift in Sources */ = {isa = PBXBuildFile; fileRef = 6AC89C9C24D3383B0032513C /* passwordTests.swift */; };
		6AC89CA824D3383B0032513C /* passwordUITests.swift in Sources */ = {isa = PBXBuildFile; fileRef = 6AC89CA724D3383B0032513C /* passwordUITests.swift */; };
/* End PBXBuildFile section */

/* Begin PBXContainerItemProxy section */
		6AC89C9924D3383B0032513C /* PBXContainerItemProxy */ = {
			isa = PBXContainerItemProxy;
			containerPortal = 6AC89C7A24D3383A0032513C /* Project object */;
			proxyType = 1;
			remoteGlobalIDString = 6AC89C8124D3383A0032513C;
			remoteInfo = password;
		};
		6AC89CA424D3383B0032513C /* PBXContainerItemProxy */ = {
			isa = PBXContainerItemProxy;
			containerPortal = 6AC89C7A24D3383A0032513C /* Project object */;
			proxyType = 1;
			remoteGlobalIDString = 6AC89C8124D3383A0032513C;
			remoteInfo = password;
		};
/* End PBXContainerItemProxy section */

/* Begin PBXFileReference section */
		6AC89C8224D3383A0032513C /* password.app */ = {isa = PBXFileReference; explicitFileType = wrapper.application; includeInIndex = 0; path = password.app; sourceTree = BUILT_PRODUCTS_DIR; };
		6AC89C8524D3383A0032513C /* AppDelegate.swift */ = {isa = PBXFileReference; lastKnownFileType = sourcecode.swift; path = AppDelegate.swift; sourceTree = "<group>"; };
		6AC89C8724D3383A0032513C /* SceneDelegate.swift */ = {isa = PBXFileReference; lastKnownFileType = sourcecode.swift; path = SceneDelegate.swift; sourceTree = "<group>"; };
		6AC89C8924D3383A0032513C /* ViewController.swift */ = {isa = PBXFileReference; lastKnownFileType = sourcecode.swift; path = ViewController.swift; sourceTree = "<group>"; };
		6AC89C8C24D3383A0032513C /* Base */ = {isa = PBXFileReference; lastKnownFileType = file.storyboard; name = Base; path = Base.lproj/Main.storyboard; sourceTree = "<group>"; };
		6AC89C8E24D3383B0032513C /* Assets.xcassets */ = {isa = PBXFileReference; lastKnownFileType = folder.assetcatalog; path = Assets.xcassets; sourceTree = "<group>"; };
		6AC89C9124D3383B0032513C /* Base */ = {isa = PBXFileReference; lastKnownFileType = file.storyboard; name = Base; path = Base.lproj/LaunchScreen.storyboard; sourceTree = "<group>"; };
		6AC89C9324D3383B0032513C /* Info.plist */ = {isa = PBXFileReference; lastKnownFileType = text.plist.xml; path = Info.plist; sourceTree = "<group>"; };
		6AC89C9824D3383B0032513C /* passwordTests.xctest */ = {isa = PBXFileReference; explicitFileType = wrapper.cfbundle; includeInIndex = 0; path = passwordTests.xctest; sourceTree = BUILT_PRODUCTS_DIR; };
		6AC89C9C24D3383B0032513C /* passwordTests.swift */ = {isa = PBXFileReference; lastKnownFileType = sourcecode.swift; path = passwordTests.swift; sourceTree = "<group>"; };
		6AC89C9E24D3383B0032513C /* Info.plist */ = {isa = PBXFileReference; lastKnownFileType = text.plist.xml; path = Info.plist; sourceTree = "<group>"; };
		6AC89CA324D3383B0032513C /* passwordUITests.xctest */ = {isa = PBXFileReference; explicitFileType = wrapper.cfbundle; includeInIndex = 0; path = passwordUITests.xctest; sourceTree = BUILT_PRODUCTS_DIR; };
		6AC89CA724D3383B0032513C /* passwordUITests.swift */ = {isa = PBXFileReference; lastKnownFileType = sourcecode.swift; path = passwordUITests.swift; sourceTree = "<group>"; };
		6AC89CA924D3383B0032513C /* Info.plist */ = {isa = PBXFileReference; lastKnownFileType = text.plist.xml; path = Info.plist; sourceTree = "<group>"; };
/* End PBXFileReference section */

/* Begin PBXFrameworksBuildPhase section */
		6AC89C7F24D3383A0032513C /* Frameworks */ = {
			isa = PBXFrameworksBuildPhase;
			buildActionMask = 2147483647;
			files = (
			);
			runOnlyForDeploymentPostprocessing = 0;
		};
		6AC89C9524D3383B0032513C /* Frameworks */ = {
			isa = PBXFrameworksBuildPhase;
			buildActionMask = 2147483647;
			files = (
			);
			runOnlyForDeploymentPostprocessing = 0;
		};
		6AC89CA024D3383B0032513C /* Frameworks */ = {
			isa = PBXFrameworksBuildPhase;
			buildActionMask = 2147483647;
			files = (
			);
			runOnlyForDeploymentPostprocessing = 0;
		};
/* End PBXFrameworksBuildPhase section */

/* Begin PBXGroup section */
		6AC89C7924D3383A0032513C = {
			isa = PBXGroup;
			children = (
				6AC89C8424D3383A0032513C /* password */,
				6AC89C9B24D3383B0032513C /* passwordTests */,
				6AC89CA624D3383B0032513C /* passwordUITests */,
				6AC89C8324D3383A0032513C /* Products */,
			);
			sourceTree = "<group>";
		};
		6AC89C8324D3383A0032513C /* Products */ = {
			isa = PBXGroup;
			children = (
				6AC89C8224D3383A0032513C /* password.app */,
				6AC89C9824D3383B0032513C /* passwordTests.xctest */,
				6AC89CA324D3383B0032513C /* passwordUITests.xctest */,
			);
			name = Products;
			sourceTree = "<group>";
		};
		6AC89C8424D3383A0032513C /* password */ = {
			isa = PBXGroup;
			children = (
				6AC89C8524D3383A0032513C /* AppDelegate.swift */,
				6AC89C8724D3383A0032513C /* SceneDelegate.swift */,
				6AC89C8924D3383A0032513C /* ViewController.swift */,
				6AC89C8B24D3383A0032513C /* Main.storyboard */,
				6AC89C8E24D3383B0032513C /* Assets.xcassets */,
				6AC89C9024D3383B0032513C /* LaunchScreen.storyboard */,
				6AC89C9324D3383B0032513C /* Info.plist */,
			);
			path = password;
			sourceTree = "<group>";
		};
		6AC89C9B24D3383B0032513C /* passwordTests */ = {
			isa = PBXGroup;
			children = (
				6AC89C9C24D3383B0032513C /* passwordTests.swift */,
				6AC89C9E24D3383B0032513C /* Info.plist */,
			);
			path = passwordTests;
			sourceTree = "<group>";
		};
		6AC89CA624D3383B0032513C /* passwordUITests */ = {
			isa = PBXGroup;
			children = (
				6AC89CA724D3383B0032513C /* passwordUITests.swift */,
				6AC89CA924D3383B0032513C /* Info.plist */,
			);
			path = passwordUITests;
			sourceTree = "<group>";
		};
/* End PBXGroup section */

/* Begin PBXNativeTarget section */
		6AC89C8124D3383A0032513C /* password */ = {
			isa = PBXNativeTarget;
			buildConfigurationList = 6AC89CAC24D3383B0032513C /* Build configuration list for PBXNativeTarget "password" */;
			buildPhases = (
				6AC89C7E24D3383A0032513C /* Sources */,
				6AC89C7F24D3383A0032513C /* Frameworks */,
				6AC89C8024D3383A0032513C /* Resources */,
			);
			buildRules = (
			);
			dependencies = (
			);
			name = password;
			productName = password;
			productReference = 6AC89C8224D3383A0032513C /* password.app */;
			productType = "com.apple.product-type.application";
		};
		6AC89C9724D3383B0032513C /* passwordTests */ = {
			isa = PBXNativeTarget;
			buildConfigurationList = 6AC89CAF24D3383B0032513C /* Build configuration list for PBXNativeTarget "passwordTests" */;
			buildPhases = (
				6AC89C9424D3383B0032513C /* Sources */,
				6AC89C9524D3383B0032513C /* Frameworks */,
				6AC89C9624D3383B0032513C /* Resources */,
			);
			buildRules = (
			);
			dependencies = (
				6AC89C9A24D3383B0032513C /* PBXTargetDependency */,
			);
			name = passwordTests;
			productName = passwordTests;
			productReference = 6AC89C9824D3383B0032513C /* passwordTests.xctest */;
			productType = "com.apple.product-type.bundle.unit-test";
		};
		6AC89CA224D3383B0032513C /* passwordUITests */ = {
			isa = PBXNativeTarget;
			buildConfigurationList = 6AC89CB224D3383B0032513C /* Build configuration list for PBXNativeTarget "passwordUITests" */;
			buildPhases = (
				6AC89C9F24D3383B0032513C /* Sources */,
				6AC89CA024D3383B0032513C /* Frameworks */,
				6AC89CA124D3383B0032513C /* Resources */,
			);
			buildRules = (
			);
			dependencies = (
				6AC89CA524D3383B0032513C /* PBXTargetDependency */,
			);
			name = passwordUITests;
			productName = passwordUITests;
			productReference = 6AC89CA324D3383B0032513C /* passwordUITests.xctest */;
			productType = "com.apple.product-type.bundle.ui-testing";
		};
/* End PBXNativeTarget section */

/* Begin PBXProject section */
		6AC89C7A24D3383A0032513C /* Project object */ = {
			isa = PBXProject;
			attributes = {
				LastSwiftUpdateCheck = 1200;
				LastUpgradeCheck = 1200;
				TargetAttributes = {
					6AC89C8124D3383A0032513C = {
						CreatedOnToolsVersion = 12.0;
					};
					6AC89C9724D3383B0032513C = {
						CreatedOnToolsVersion = 12.0;
						TestTargetID = 6AC89C8124D3383A0032513C;
					};
					6AC89CA224D3383B0032513C = {
						CreatedOnToolsVersion = 12.0;
						TestTargetID = 6AC89C8124D3383A0032513C;
					};
				};
			};
			buildConfigurationList = 6AC89C7D24D3383A0032513C /* Build configuration list for PBXProject "password" */;
			compatibilityVersion = "Xcode 9.3";
			developmentRegion = en;
			hasScannedForEncodings = 0;
			knownRegions = (
				en,
				Base,
			);
			mainGroup = 6AC89C7924D3383A0032513C;
			productRefGroup = 6AC89C8324D3383A0032513C /* Products */;
			projectDirPath = "";
			projectRoot = "";
			targets = (
				6AC89C8124D3383A0032513C /* password */,
				6AC89C9724D3383B0032513C /* passwordTests */,
				6AC89CA224D3383B0032513C /* passwordUITests */,
			);
		};
/* End PBXProject section */

/* Begin PBXResourcesBuildPhase section */
		6AC89C8024D3383A0032513C /* Resources */ = {
			isa = PBXResourcesBuildPhase;
			buildActionMask = 2147483647;
			files = (
				6AC89C9224D3383B0032513C /* LaunchScreen.storyboard in Resources */,
				6AC89C8F24D3383B0032513C /* Assets.xcassets in Resources */,
				6AC89C8D24D3383A0032513C /* Main.storyboard in Resources */,
			);
			runOnlyForDeploymentPostprocessing = 0;
		};
		6AC89C9624D3383B0032513C /* Resources */ = {
			isa = PBXResourcesBuildPhase;
			buildActionMask = 2147483647;
			files = (
			);
			runOnlyForDeploymentPostprocessing = 0;
		};
		6AC89CA124D3383B0032513C /* Resources */ = {
			isa = PBXResourcesBuildPhase;
			buildActionMask = 2147483647;
			files = (
			);
			runOnlyForDeploymentPostprocessing = 0;
		};
/* End PBXResourcesBuildPhase section */

/* Begin PBXSourcesBuildPhase section */
		6AC89C7E24D3383A0032513C /* Sources */ = {
			isa = PBXSourcesBuildPhase;
			buildActionMask = 2147483647;
			files = (
				6AC89C8A24D3383A0032513C /* ViewController.swift in Sources */,
				6AC89C8624D3383A0032513C /* AppDelegate.swift in Sources */,
				6AC89C8824D3383A0032513C /* SceneDelegate.swift in Sources */,
			);
			runOnlyForDeploymentPostprocessing = 0;
		};
		6AC89C9424D3383B0032513C /* Sources */ = {
			isa = PBXSourcesBuildPhase;
			buildActionMask = 2147483647;
			files = (
				6AC89C9D24D3383B0032513C /* passwordTests.swift in Sources */,
			);
			runOnlyForDeploymentPostprocessing = 0;
		};
		6AC89C9F24D3383B0032513C /* Sources */ = {
			isa = PBXSourcesBuildPhase;
			buildActionMask = 2147483647;
			files = (
				6AC89CA824D3383B0032513C /* passwordUITests.swift in Sources */,
			);
			runOnlyForDeploymentPostprocessing = 0;
		};
/* End PBXSourcesBuildPhase section */

/* Begin PBXTargetDependency section */
		6AC89C9A24D3383B0032513C /* PBXTargetDependency */ = {
			isa = PBXTargetDependency;
			target = 6AC89C8124D3383A0032513C /* password */;
			targetProxy = 6AC89C9924D3383B0032513C /* PBXContainerItemProxy */;
		};
		6AC89CA524D3383B0032513C /* PBXTargetDependency */ = {
			isa = PBXTargetDependency;
			target = 6AC89C8124D3383A0032513C /* password */;
			targetProxy = 6AC89CA424D3383B0032513C /* PBXContainerItemProxy */;
		};
/* End PBXTargetDependency section */

/* Begin PBXVariantGroup section */
		6AC89C8B24D3383A0032513C /* Main.storyboard */ = {
			isa = PBXVariantGroup;
			children = (
				6AC89C8C24D3383A0032513C /* Base */,
			);
			name = Main.storyboard;
			sourceTree = "<group>";
		};
		6AC89C9024D3383B0032513C /* LaunchScreen.storyboard */ = {
			isa = PBXVariantGroup;
			children = (
				6AC89C9124D3383B0032513C /* Base */,
			);
			name = LaunchScreen.storyboard;
			sourceTree = "<group>";
		};
/* End PBXVariantGroup section */

/* Begin XCBuildConfiguration section */
		6AC89CAA24D3383B0032513C /* Debug */ = {
			isa = XCBuildConfiguration;
			buildSettings = {
				ALWAYS_SEARCH_USER_PATHS = NO;
				CLANG_ANALYZER_NONNULL = YES;
				CLANG_ANALYZER_NUMBER_OBJECT_CONVERSION = YES_AGGRESSIVE;
				CLANG_CXX_LANGUAGE_STANDARD = "gnu++14";
				CLANG_CXX_LIBRARY = "libc++";
				CLANG_ENABLE_MODULES = YES;
				CLANG_ENABLE_OBJC_ARC = YES;
				CLANG_ENABLE_OBJC_WEAK = YES;
				CLANG_WARN_BLOCK_CAPTURE_AUTORELEASING = YES;
				CLANG_WARN_BOOL_CONVERSION = YES;
				CLANG_WARN_COMMA = YES;
				CLANG_WARN_CONSTANT_CONVERSION = YES;
				CLANG_WARN_DEPRECATED_OBJC_IMPLEMENTATIONS = YES;
				CLANG_WARN_DIRECT_OBJC_ISA_USAGE = YES_ERROR;
				CLANG_WARN_DOCUMENTATION_COMMENTS = YES;
				CLANG_WARN_EMPTY_BODY = YES;
				CLANG_WARN_ENUM_CONVERSION = YES;
				CLANG_WARN_INFINITE_RECURSION = YES;
				CLANG_WARN_INT_CONVERSION = YES;
				CLANG_WARN_NON_LITERAL_NULL_CONVERSION = YES;
				CLANG_WARN_OBJC_IMPLICIT_RETAIN_SELF = YES;
				CLANG_WARN_OBJC_LITERAL_CONVERSION = YES;
				CLANG_WARN_OBJC_ROOT_CLASS = YES_ERROR;
				CLANG_WARN_QUOTED_INCLUDE_IN_FRAMEWORK_HEADER = YES;
				CLANG_WARN_RANGE_LOOP_ANALYSIS = YES;
				CLANG_WARN_STRICT_PROTOTYPES = YES;
				CLANG_WARN_SUSPICIOUS_MOVE = YES;
				CLANG_WARN_UNGUARDED_AVAILABILITY = YES_AGGRESSIVE;
				CLANG_WARN_UNREACHABLE_CODE = YES;
				CLANG_WARN__DUPLICATE_METHOD_MATCH = YES;
				COPY_PHASE_STRIP = NO;
				DEBUG_INFORMATION_FORMAT = dwarf;
				ENABLE_STRICT_OBJC_MSGSEND = YES;
				ENABLE_TESTABILITY = YES;
				GCC_C_LANGUAGE_STANDARD = gnu11;
				GCC_DYNAMIC_NO_PIC = NO;
				GCC_NO_COMMON_BLOCKS = YES;
				GCC_OPTIMIZATION_LEVEL = 0;
				GCC_PREPROCESSOR_DEFINITIONS = (
					"DEBUG=1",
					"$(inherited)",
				);
				GCC_WARN_64_TO_32_BIT_CONVERSION = YES;
				GCC_WARN_ABOUT_RETURN_TYPE = YES_ERROR;
				GCC_WARN_UNDECLARED_SELECTOR = YES;
				GCC_WARN_UNINITIALIZED_AUTOS = YES_AGGRESSIVE;
				GCC_WARN_UNUSED_FUNCTION = YES;
				GCC_WARN_UNUSED_VARIABLE = YES;
				IPHONEOS_DEPLOYMENT_TARGET = 14.0;
				MTL_ENABLE_DEBUG_INFO = INCLUDE_SOURCE;
				MTL_FAST_MATH = YES;
				ONLY_ACTIVE_ARCH = YES;
				SDKROOT = iphoneos;
				SWIFT_ACTIVE_COMPILATION_CONDITIONS = DEBUG;
				SWIFT_OPTIMIZATION_LEVEL = "-Onone";
			};
			name = Debug;
		};
		6AC89CAB24D3383B0032513C /* Release */ = {
			isa = XCBuildConfiguration;
			buildSettings = {
				ALWAYS_SEARCH_USER_PATHS = NO;
				CLANG_ANALYZER_NONNULL = YES;
				CLANG_ANALYZER_NUMBER_OBJECT_CONVERSION = YES_AGGRESSIVE;
				CLANG_CXX_LANGUAGE_STANDARD = "gnu++14";
				CLANG_CXX_LIBRARY = "libc++";
				CLANG_ENABLE_MODULES = YES;
				CLANG_ENABLE_OBJC_ARC = YES;
				CLANG_ENABLE_OBJC_WEAK = YES;
				CLANG_WARN_BLOCK_CAPTURE_AUTORELEASING = YES;
				CLANG_WARN_BOOL_CONVERSION = YES;
				CLANG_WARN_COMMA = YES;
				CLANG_WARN_CONSTANT_CONVERSION = YES;
				CLANG_WARN_DEPRECATED_OBJC_IMPLEMENTATIONS = YES;
				CLANG_WARN_DIRECT_OBJC_ISA_USAGE = YES_ERROR;
				CLANG_WARN_DOCUMENTATION_COMMENTS = YES;
				CLANG_WARN_EMPTY_BODY = YES;
				CLANG_WARN_ENUM_CONVERSION = YES;
				CLANG_WARN_INFINITE_RECURSION = YES;
				CLANG_WARN_INT_CONVERSION = YES;
				CLANG_WARN_NON_LITERAL_NULL_CONVERSION = YES;
				CLANG_WARN_OBJC_IMPLICIT_RETAIN_SELF = YES;
				CLANG_WARN_OBJC_LITERAL_CONVERSION = YES;
				CLANG_WARN_OBJC_ROOT_CLASS = YES_ERROR;
				CLANG_WARN_QUOTED_INCLUDE_IN_FRAMEWORK_HEADER = YES;
				CLANG_WARN_RANGE_LOOP_ANALYSIS = YES;
				CLANG_WARN_STRICT_PROTOTYPES = YES;
				CLANG_WARN_SUSPICIOUS_MOVE = YES;
				CLANG_WARN_UNGUARDED_AVAILABILITY = YES_AGGRESSIVE;
				CLANG_WARN_UNREACHABLE_CODE = YES;
				CLANG_WARN__DUPLICATE_METHOD_MATCH = YES;
				COPY_PHASE_STRIP = NO;
				DEBUG_INFORMATION_FORMAT = "dwarf-with-dsym";
				ENABLE_NS_ASSERTIONS = NO;
				ENABLE_STRICT_OBJC_MSGSEND = YES;
				GCC_C_LANGUAGE_STANDARD = gnu11;
				GCC_NO_COMMON_BLOCKS = YES;
				GCC_WARN_64_TO_32_BIT_CONVERSION = YES;
				GCC_WARN_ABOUT_RETURN_TYPE = YES_ERROR;
				GCC_WARN_UNDECLARED_SELECTOR = YES;
				GCC_WARN_UNINITIALIZED_AUTOS = YES_AGGRESSIVE;
				GCC_WARN_UNUSED_FUNCTION = YES;
				GCC_WARN_UNUSED_VARIABLE = YES;
				IPHONEOS_DEPLOYMENT_TARGET = 14.0;
				MTL_ENABLE_DEBUG_INFO = NO;
				MTL_FAST_MATH = YES;
				SDKROOT = iphoneos;
				SWIFT_COMPILATION_MODE = wholemodule;
				SWIFT_OPTIMIZATION_LEVEL = "-O";
				VALIDATE_PRODUCT = YES;
			};
			name = Release;
		};
		6AC89CAD24D3383B0032513C /* Debug */ = {
			isa = XCBuildConfiguration;
			buildSettings = {
				ASSETCATALOG_COMPILER_APPICON_NAME = AppIcon;
				ASSETCATALOG_COMPILER_GLOBAL_ACCENT_COLOR_NAME = AccentColor;
				CODE_SIGN_STYLE = Automatic;
				DEVELOPMENT_TEAM = WKYYFQH356;
				INFOPLIST_FILE = password/Info.plist;
				LD_RUNPATH_SEARCH_PATHS = (
					"$(inherited)",
					"@executable_path/Frameworks",
				);
				PRODUCT_BUNDLE_IDENTIFIER = com.yvonne4funfun.password;
				PRODUCT_NAME = "$(TARGET_NAME)";
				SWIFT_VERSION = 5.0;
				TARGETED_DEVICE_FAMILY = "1,2";
			};
			name = Debug;
		};
		6AC89CAE24D3383B0032513C /* Release */ = {
			isa = XCBuildConfiguration;
			buildSettings = {
				ASSETCATALOG_COMPILER_APPICON_NAME = AppIcon;
				ASSETCATALOG_COMPILER_GLOBAL_ACCENT_COLOR_NAME = AccentColor;
				CODE_SIGN_STYLE = Automatic;
				DEVELOPMENT_TEAM = WKYYFQH356;
				INFOPLIST_FILE = password/Info.plist;
				LD_RUNPATH_SEARCH_PATHS = (
					"$(inherited)",
					"@executable_path/Frameworks",
				);
				PRODUCT_BUNDLE_IDENTIFIER = com.yvonne4funfun.password;
				PRODUCT_NAME = "$(TARGET_NAME)";
				SWIFT_VERSION = 5.0;
				TARGETED_DEVICE_FAMILY = "1,2";
			};
			name = Release;
		};
		6AC89CB024D3383B0032513C /* Debug */ = {
			isa = XCBuildConfiguration;
			buildSettings = {
				ALWAYS_EMBED_SWIFT_STANDARD_LIBRARIES = YES;
				BUNDLE_LOADER = "$(TEST_HOST)";
				CODE_SIGN_STYLE = Automatic;
				DEVELOPMENT_TEAM = WKYYFQH356;
				INFOPLIST_FILE = passwordTests/Info.plist;
				IPHONEOS_DEPLOYMENT_TARGET = 14.0;
				LD_RUNPATH_SEARCH_PATHS = (
					"$(inherited)",
					"@executable_path/Frameworks",
					"@loader_path/Frameworks",
				);
				PRODUCT_BUNDLE_IDENTIFIER = com.yvonne4funfun.passwordTests;
				PRODUCT_NAME = "$(TARGET_NAME)";
				SWIFT_VERSION = 5.0;
				TARGETED_DEVICE_FAMILY = "1,2";
				TEST_HOST = "$(BUILT_PRODUCTS_DIR)/password.app/password";
			};
			name = Debug;
		};
		6AC89CB124D3383B0032513C /* Release */ = {
			isa = XCBuildConfiguration;
			buildSettings = {
				ALWAYS_EMBED_SWIFT_STANDARD_LIBRARIES = YES;
				BUNDLE_LOADER = "$(TEST_HOST)";
				CODE_SIGN_STYLE = Automatic;
				DEVELOPMENT_TEAM = WKYYFQH356;
				INFOPLIST_FILE = passwordTests/Info.plist;
				IPHONEOS_DEPLOYMENT_TARGET = 14.0;
				LD_RUNPATH_SEARCH_PATHS = (
					"$(inherited)",
					"@executable_path/Frameworks",
					"@loader_path/Frameworks",
				);
				PRODUCT_BUNDLE_IDENTIFIER = com.yvonne4funfun.passwordTests;
				PRODUCT_NAME = "$(TARGET_NAME)";
				SWIFT_VERSION = 5.0;
				TARGETED_DEVICE_FAMILY = "1,2";
				TEST_HOST = "$(BUILT_PRODUCTS_DIR)/password.app/password";
			};
			name = Release;
		};
		6AC89CB324D3383B0032513C /* Debug */ = {
			isa = XCBuildConfiguration;
			buildSettings = {
				ALWAYS_EMBED_SWIFT_STANDARD_LIBRARIES = YES;
				CODE_SIGN_STYLE = Automatic;
				DEVELOPMENT_TEAM = WKYYFQH356;
				INFOPLIST_FILE = passwordUITests/Info.plist;
				LD_RUNPATH_SEARCH_PATHS = (
					"$(inherited)",
					"@executable_path/Frameworks",
					"@loader_path/Frameworks",
				);
				PRODUCT_BUNDLE_IDENTIFIER = com.yvonne4funfun.passwordUITests;
				PRODUCT_NAME = "$(TARGET_NAME)";
				SWIFT_VERSION = 5.0;
				TARGETED_DEVICE_FAMILY = "1,2";
				TEST_TARGET_NAME = password;
			};
			name = Debug;
		};
		6AC89CB424D3383B0032513C /* Release */ = {
			isa = XCBuildConfiguration;
			buildSettings = {
				ALWAYS_EMBED_SWIFT_STANDARD_LIBRARIES = YES;
				CODE_SIGN_STYLE = Automatic;
				DEVELOPMENT_TEAM = WKYYFQH356;
				INFOPLIST_FILE = passwordUITests/Info.plist;
				LD_RUNPATH_SEARCH_PATHS = (
					"$(inherited)",
					"@executable_path/Frameworks",
					"@loader_path/Frameworks",
				);
				PRODUCT_BUNDLE_IDENTIFIER = com.yvonne4funfun.passwordUITests;
				PRODUCT_NAME = "$(TARGET_NAME)";
				SWIFT_VERSION = 5.0;
				TARGETED_DEVICE_FAMILY = "1,2";
				TEST_TARGET_NAME = password;
			};
			name = Release;
		};
/* End XCBuildConfiguration section */

/* Begin XCConfigurationList section */
		6AC89C7D24D3383A0032513C /* Build configuration list for PBXProject "password" */ = {
			isa = XCConfigurationList;
			buildConfigurations = (
				6AC89CAA24D3383B0032513C /* Debug */,
				6AC89CAB24D3383B0032513C /* Release */,
			);
			defaultConfigurationIsVisible = 0;
			defaultConfigurationName = Release;
		};
		6AC89CAC24D3383B0032513C /* Build configuration list for PBXNativeTarget "password" */ = {
			isa = XCConfigurationList;
			buildConfigurations = (
				6AC89CAD24D3383B0032513C /* Debug */,
				6AC89CAE24D3383B0032513C /* Release */,
			);
			defaultConfigurationIsVisible = 0;
			defaultConfigurationName = Release;
		};
		6AC89CAF24D3383B0032513C /* Build configuration list for PBXNativeTarget "passwordTests" */ = {
			isa = XCConfigurationList;
			buildConfigurations = (
				6AC89CB024D3383B0032513C /* Debug */,
				6AC89CB124D3383B0032513C /* Release */,
			);
			defaultConfigurationIsVisible = 0;
			defaultConfigurationName = Release;
		};
		6AC89CB224D3383B0032513C /* Build configuration list for PBXNativeTarget "passwordUITests" */ = {
			isa = XCConfigurationList;
			buildConfigurations = (
				6AC89CB324D3383B0032513C /* Debug */,
				6AC89CB424D3383B0032513C /* Release */,
			);
			defaultConfigurationIsVisible = 0;
			defaultConfigurationName = Release;
		};
/* End XCConfigurationList section */
	};
	rootObject = 6AC89C7A24D3383A0032513C /* Project object */;
}
